
Microsoft Visual Studio Solution File, Format Version 12.00
# Visual Studio Version 17
VisualStudioVersion = 17.14.36908.2 d17.14
MinimumVisualStudioVersion = 10.0.40219.1
Project("{FAE04EC0-301F-11D3-BF4B-00C04F79EFBC}") = "Employees", "Employees\Employees.csproj", "{093E0182-3A6A-47AD-BB7E-3348B525A9B3}"
EndProject
Global
	GlobalSection(SolutionConfigurationPlatforms) = preSolution
		Debug|Any CPU = Debug|Any CPU
		Release|Any CPU = Release|Any CPU
	EndGlobalSection
	GlobalSection(ProjectConfigurationPlatforms) = postSolution
		{093E0182-3A6A-47AD-BB7E-3348B525A9B3}.Debug|Any CPU.ActiveCfg = Debug|Any CPU
		{093E0182-3A6A-47AD-BB7E-3348B525A9B3}.Debug|Any CPU.Build.0 = Debug|Any CPU
		{093E0182-3A6A-47AD-BB7E-3348B525A9B3}.Release|Any CPU.ActiveCfg = Release|Any CPU
		{093E0182-3A6A-47AD-BB7E-3348B525A9B3}.Release|Any CPU.Build.0 = Release|Any CPU
	EndGlobalSection
	GlobalSection(SolutionProperties) = preSolution
		HideSolutionNode = FALSE
	EndGlobalSection
	GlobalSection(ExtensibilityGlobals) = postSolution
		SolutionGuid = {0F613CFC-48AC-4B3C-A267-6A149DB3C7BC}
	EndGlobalSection
EndGlobal
